
Microsoft Visual Studio Solution File, Format Version 12.00
# Visual Studio Version 17
VisualStudioVersion = 17.9.34616.47
MinimumVisualStudioVersion = 10.0.40219.1
Project("{9A19103F-16F7-4668-BE54-9A1E7A4F7556}") = "ITI.FinalProject.WebAPI", "ITI.FinalProject.WebAPI\ITI.FinalProject.WebAPI.csproj", "{43CDA4CD-4B80-4DD4-8305-92256C01E9D8}"
EndProject
Project("{FAE04EC0-301F-11D3-BF4B-00C04F79EFBC}") = "Domain", "Domain\Domain.csproj", "{0717A70E-F560-412B-A173-AF77AD70F8E3}"
EndProject
Project("{FAE04EC0-301F-11D3-BF4B-00C04F79EFBC}") = "Application", "Application\Application.csproj", "{C8F6E9C9-1F77-4869-8E8F-BEF2ECFF466F}"
EndProject
Project("{FAE04EC0-301F-11D3-BF4B-00C04F79EFBC}") = "Infrastructure", "Infrastructure\Infrastructure.csproj", "{497C88AC-A3B7-4D24-B17B-8B07BE6196C7}"
EndProject
Global
	GlobalSection(SolutionConfigurationPlatforms) = preSolution
		Debug|Any CPU = Debug|Any CPU
		Release|Any CPU = Release|Any CPU
	EndGlobalSection
	GlobalSection(ProjectConfigurationPlatforms) = postSolution
		{43CDA4CD-4B80-4DD4-8305-92256C01E9D8}.Debug|Any CPU.ActiveCfg = Debug|Any CPU
		{43CDA4CD-4B80-4DD4-8305-92256C01E9D8}.Debug|Any CPU.Build.0 = Debug|Any CPU
		{43CDA4CD-4B80-4DD4-8305-92256C01E9D8}.Release|Any CPU.ActiveCfg = Release|Any CPU
		{43CDA4CD-4B80-4DD4-8305-92256C01E9D8}.Release|Any CPU.Build.0 = Release|Any CPU
		{0717A70E-F560-412B-A173-AF77AD70F8E3}.Debug|Any CPU.ActiveCfg = Debug|Any CPU
		{0717A70E-F560-412B-A173-AF77AD70F8E3}.Debug|Any CPU.Build.0 = Debug|Any CPU
		{0717A70E-F560-412B-A173-AF77AD70F8E3}.Release|Any CPU.ActiveCfg = Release|Any CPU
		{0717A70E-F560-412B-A173-AF77AD70F8E3}.Release|Any CPU.Build.0 = Release|Any CPU
		{C8F6E9C9-1F77-4869-8E8F-BEF2ECFF466F}.Debug|Any CPU.ActiveCfg = Debug|Any CPU
		{C8F6E9C9-1F77-4869-8E8F-BEF2ECFF466F}.Debug|Any CPU.Build.0 = Debug|Any CPU
		{C8F6E9C9-1F77-4869-8E8F-BEF2ECFF466F}.Release|Any CPU.ActiveCfg = Release|Any CPU
		{C8F6E9C9-1F77-4869-8E8F-BEF2ECFF466F}.Release|Any CPU.Build.0 = Release|Any CPU
		{497C88AC-A3B7-4D24-B17B-8B07BE6196C7}.Debug|Any CPU.ActiveCfg = Debug|Any CPU
		{497C88AC-A3B7-4D24-B17B-8B07BE6196C7}.Debug|Any CPU.Build.0 = Debug|Any CPU
		{497C88AC-A3B7-4D24-B17B-8B07BE6196C7}.Release|Any CPU.ActiveCfg = Release|Any CPU
		{497C88AC-A3B7-4D24-B17B-8B07BE6196C7}.Release|Any CPU.Build.0 = Release|Any CPU
	EndGlobalSection
	GlobalSection(SolutionProperties) = preSolution
		HideSolutionNode = FALSE
	EndGlobalSection
	GlobalSection(ExtensibilityGlobals) = postSolution
		SolutionGuid = {8C4FB944-8B27-4DAA-9A1B-16A13D6DF9A7}
	EndGlobalSection
EndGlobal
